
Microsoft Visual Studio Solution File, Format Version 12.00
# Visual Studio Version 17
VisualStudioVersion = 17.3.32901.215
MinimumVisualStudioVersion = 10.0.40219.1
Project("{FAE04EC0-301F-11D3-BF4B-00C04F79EFBC}") = "HARMONICA", "HARMONICA\HARMONICA.csproj", "{F8214F57-3E1C-445B-9375-280A9E4E986C}"
EndProject
Project("{54435603-DBB4-11D2-8724-00A0C9A8B90C}") = "ReSelf - Mental detox v.1.0.0.0 Setup", "ReSelf - Mental detox v.1.0.0.0 Setup\ReSelf - Mental detox v.1.0.0.0 Setup.vdproj", "{4FFCF799-F3FF-40CE-841F-FCE957091965}"
EndProject
Project("{54435603-DBB4-11D2-8724-00A0C9A8B90C}") = "Update ReSelf - Mental detox v.1.0.0.0 Setup", "Update ReSelf - Mental detox v.1.0.0.0 Setup\Update ReSelf - Mental detox v.1.0.0.0 Setup.vdproj", "{DEA538B2-0789-41F3-80C1-7CB092BEA4DE}"
EndProject
Project("{54435603-DBB4-11D2-8724-00A0C9A8B90C}") = "Update ReSelf - Mental detox v.1.0.0.1 Setup", "Update ReSelf - Mental detox v.1.0.0.1 Setup\Update ReSelf - Mental detox v.1.0.0.1 Setup.vdproj", "{BEE1694C-3B02-4E22-86AB-68CFC12A3514}"
EndProject
Project("{54435603-DBB4-11D2-8724-00A0C9A8B90C}") = "Update ReSelf - Mental detox v.1.0.0.2 Setup", "Update ReSelf - Mental detox v.1.0.0.2 Setup\Update ReSelf - Mental detox v.1.0.0.2 Setup.vdproj", "{3AC14CE1-72C2-402E-8ACF-92BD0E134241}"
EndProject
Project("{54435603-DBB4-11D2-8724-00A0C9A8B90C}") = "Update ReSelf - Mental detox v.1.0.0.3 Setup", "Update ReSelf - Mental detox v.1.0.0.3 Setup\Update ReSelf - Mental detox v.1.0.0.3 Setup.vdproj", "{89433B7B-8278-4C8A-8D9E-156FC5BBE127}"
EndProject
Global
	GlobalSection(SolutionConfigurationPlatforms) = preSolution
		Debug|Any CPU = Debug|Any CPU
		Release|Any CPU = Release|Any CPU
	EndGlobalSection
	GlobalSection(ProjectConfigurationPlatforms) = postSolution
		{F8214F57-3E1C-445B-9375-280A9E4E986C}.Debug|Any CPU.ActiveCfg = Debug|Any CPU
		{F8214F57-3E1C-445B-9375-280A9E4E986C}.Debug|Any CPU.Build.0 = Debug|Any CPU
		{F8214F57-3E1C-445B-9375-280A9E4E986C}.Release|Any CPU.ActiveCfg = Release|Any CPU
		{F8214F57-3E1C-445B-9375-280A9E4E986C}.Release|Any CPU.Build.0 = Release|Any CPU
		{4FFCF799-F3FF-40CE-841F-FCE957091965}.Debug|Any CPU.ActiveCfg = Debug
		{4FFCF799-F3FF-40CE-841F-FCE957091965}.Release|Any CPU.ActiveCfg = Release
		{DEA538B2-0789-41F3-80C1-7CB092BEA4DE}.Debug|Any CPU.ActiveCfg = Debug
		{DEA538B2-0789-41F3-80C1-7CB092BEA4DE}.Release|Any CPU.ActiveCfg = Release
		{BEE1694C-3B02-4E22-86AB-68CFC12A3514}.Debug|Any CPU.ActiveCfg = Debug
		{BEE1694C-3B02-4E22-86AB-68CFC12A3514}.Release|Any CPU.ActiveCfg = Release
		{3AC14CE1-72C2-402E-8ACF-92BD0E134241}.Debug|Any CPU.ActiveCfg = Debug
		{3AC14CE1-72C2-402E-8ACF-92BD0E134241}.Release|Any CPU.ActiveCfg = Release
		{89433B7B-8278-4C8A-8D9E-156FC5BBE127}.Debug|Any CPU.ActiveCfg = Debug
		{89433B7B-8278-4C8A-8D9E-156FC5BBE127}.Release|Any CPU.ActiveCfg = Release
	EndGlobalSection
	GlobalSection(SolutionProperties) = preSolution
		HideSolutionNode = FALSE
	EndGlobalSection
	GlobalSection(ExtensibilityGlobals) = postSolution
		SolutionGuid = {2BDE1780-12D6-43AC-9EE5-278643D768CD}
	EndGlobalSection
EndGlobal
